
Microsoft Visual Studio Solution File, Format Version 12.00
# Visual Studio 15
VisualStudioVersion = 15.0.27130.2010
MinimumVisualStudioVersion = 10.0.40219.1
Project("{FAE04EC0-301F-11D3-BF4B-00C04F79EFBC}") = "PCStore.Web", "PCStore.Web\PCStore.Web.csproj", "{45D2B27F-9476-4A61-90AC-084A7BA2A33F}"
EndProject
Project("{FAE04EC0-301F-11D3-BF4B-00C04F79EFBC}") = "PCStore.Data", "PCStore.Data\PCStore.Data.csproj", "{192A25CB-F779-4D0B-819D-95E1B8870644}"
EndProject
Project("{FAE04EC0-301F-11D3-BF4B-00C04F79EFBC}") = "PCStore.Common", "PCStore.Common\PCStore.Common.csproj", "{998D7179-D91B-4EA8-A532-B78A614CFEE9}"
EndProject
Project("{FAE04EC0-301F-11D3-BF4B-00C04F79EFBC}") = "PCStore.Services", "PCStore.Services\PCStore.Services.csproj", "{AC659862-3673-4121-9FD2-1B2A8FD4EE39}"
EndProject
Global
	GlobalSection(SolutionConfigurationPlatforms) = preSolution
		Debug|Any CPU = Debug|Any CPU
		Release|Any CPU = Release|Any CPU
	EndGlobalSection
	GlobalSection(ProjectConfigurationPlatforms) = postSolution
		{45D2B27F-9476-4A61-90AC-084A7BA2A33F}.Debug|Any CPU.ActiveCfg = Debug|Any CPU
		{45D2B27F-9476-4A61-90AC-084A7BA2A33F}.Debug|Any CPU.Build.0 = Debug|Any CPU
		{45D2B27F-9476-4A61-90AC-084A7BA2A33F}.Release|Any CPU.ActiveCfg = Release|Any CPU
		{45D2B27F-9476-4A61-90AC-084A7BA2A33F}.Release|Any CPU.Build.0 = Release|Any CPU
		{192A25CB-F779-4D0B-819D-95E1B8870644}.Debug|Any CPU.ActiveCfg = Debug|Any CPU
		{192A25CB-F779-4D0B-819D-95E1B8870644}.Debug|Any CPU.Build.0 = Debug|Any CPU
		{192A25CB-F779-4D0B-819D-95E1B8870644}.Release|Any CPU.ActiveCfg = Release|Any CPU
		{192A25CB-F779-4D0B-819D-95E1B8870644}.Release|Any CPU.Build.0 = Release|Any CPU
		{998D7179-D91B-4EA8-A532-B78A614CFEE9}.Debug|Any CPU.ActiveCfg = Debug|Any CPU
		{998D7179-D91B-4EA8-A532-B78A614CFEE9}.Debug|Any CPU.Build.0 = Debug|Any CPU
		{998D7179-D91B-4EA8-A532-B78A614CFEE9}.Release|Any CPU.ActiveCfg = Release|Any CPU
		{998D7179-D91B-4EA8-A532-B78A614CFEE9}.Release|Any CPU.Build.0 = Release|Any CPU
		{AC659862-3673-4121-9FD2-1B2A8FD4EE39}.Debug|Any CPU.ActiveCfg = Debug|Any CPU
		{AC659862-3673-4121-9FD2-1B2A8FD4EE39}.Debug|Any CPU.Build.0 = Debug|Any CPU
		{AC659862-3673-4121-9FD2-1B2A8FD4EE39}.Release|Any CPU.ActiveCfg = Release|Any CPU
		{AC659862-3673-4121-9FD2-1B2A8FD4EE39}.Release|Any CPU.Build.0 = Release|Any CPU
	EndGlobalSection
	GlobalSection(SolutionProperties) = preSolution
		HideSolutionNode = FALSE
	EndGlobalSection
	GlobalSection(ExtensibilityGlobals) = postSolution
		SolutionGuid = {CA4904BA-7B6E-435C-9AC4-8F1BA264B6CE}
	EndGlobalSection
EndGlobal
